
Microsoft Visual Studio Solution File, Format Version 12.00
# Visual Studio 14
VisualStudioVersion = 14.0.23107.0
MinimumVisualStudioVersion = 10.0.40219.1
Project("{2150E333-8FDC-42A3-9474-1A3956D46DE8}") = "Engine", "Engine", "{DEDBA3DB-89D8-42FF-9E33-14BCB2E3D1E9}"
EndProject
Project("{2150E333-8FDC-42A3-9474-1A3956D46DE8}") = "Games", "Games", "{9F95612C-63CB-4799-B825-D9E137B72B90}"
EndProject
Project("{8BC9CEB8-8B4A-11D0-8D11-00A0C91BC942}") = "UE4", "Intermediate\ProjectFiles\UE4.vcxproj", "{940B8469-069C-4A6A-BB27-86DF74278368}"
EndProject
Project("{8BC9CEB8-8B4A-11D0-8D11-00A0C91BC942}") = "HORROR_FPS", "Intermediate\ProjectFiles\HORROR_FPS.vcxproj", "{67C156BB-FC69-482E-A0E1-35228310B37D}"
EndProject
Global
	GlobalSection(SolutionConfigurationPlatforms) = preSolution
		DebugGame Editor|Win32 = DebugGame Editor|Win32
		DebugGame Editor|Win64 = DebugGame Editor|Win64
		DebugGame|Win32 = DebugGame|Win32
		DebugGame|Win64 = DebugGame|Win64
		Development Editor|Win32 = Development Editor|Win32
		Development Editor|Win64 = Development Editor|Win64
		Development|Win32 = Development|Win32
		Development|Win64 = Development|Win64
		Shipping|Win32 = Shipping|Win32
		Shipping|Win64 = Shipping|Win64
	EndGlobalSection
	GlobalSection(ProjectConfigurationPlatforms) = postSolution
		{940B8469-069C-4A6A-BB27-86DF74278368}.DebugGame Editor|Win32.ActiveCfg = BuiltWithUnrealBuildTool|Win32
		{940B8469-069C-4A6A-BB27-86DF74278368}.DebugGame Editor|Win32.Build.0 = BuiltWithUnrealBuildTool|Win32
		{940B8469-069C-4A6A-BB27-86DF74278368}.DebugGame Editor|Win64.ActiveCfg = BuiltWithUnrealBuildTool|Win32
		{940B8469-069C-4A6A-BB27-86DF74278368}.DebugGame Editor|Win64.Build.0 = BuiltWithUnrealBuildTool|Win32
		{940B8469-069C-4A6A-BB27-86DF74278368}.DebugGame|Win32.ActiveCfg = BuiltWithUnrealBuildTool|Win32
		{940B8469-069C-4A6A-BB27-86DF74278368}.DebugGame|Win32.Build.0 = BuiltWithUnrealBuildTool|Win32
		{940B8469-069C-4A6A-BB27-86DF74278368}.DebugGame|Win64.ActiveCfg = BuiltWithUnrealBuildTool|Win32
		{940B8469-069C-4A6A-BB27-86DF74278368}.DebugGame|Win64.Build.0 = BuiltWithUnrealBuildTool|Win32
		{940B8469-069C-4A6A-BB27-86DF74278368}.Development Editor|Win32.ActiveCfg = BuiltWithUnrealBuildTool|Win32
		{940B8469-069C-4A6A-BB27-86DF74278368}.Development Editor|Win32.Build.0 = BuiltWithUnrealBuildTool|Win32
		{940B8469-069C-4A6A-BB27-86DF74278368}.Development Editor|Win64.ActiveCfg = BuiltWithUnrealBuildTool|Win32
		{940B8469-069C-4A6A-BB27-86DF74278368}.Development Editor|Win64.Build.0 = BuiltWithUnrealBuildTool|Win32
		{940B8469-069C-4A6A-BB27-86DF74278368}.Development|Win32.ActiveCfg = BuiltWithUnrealBuildTool|Win32
		{940B8469-069C-4A6A-BB27-86DF74278368}.Development|Win32.Build.0 = BuiltWithUnrealBuildTool|Win32
		{940B8469-069C-4A6A-BB27-86DF74278368}.Development|Win64.ActiveCfg = BuiltWithUnrealBuildTool|Win32
		{940B8469-069C-4A6A-BB27-86DF74278368}.Development|Win64.Build.0 = BuiltWithUnrealBuildTool|Win32
		{940B8469-069C-4A6A-BB27-86DF74278368}.Shipping|Win32.ActiveCfg = BuiltWithUnrealBuildTool|Win32
		{940B8469-069C-4A6A-BB27-86DF74278368}.Shipping|Win32.Build.0 = BuiltWithUnrealBuildTool|Win32
		{940B8469-069C-4A6A-BB27-86DF74278368}.Shipping|Win64.ActiveCfg = BuiltWithUnrealBuildTool|Win32
		{940B8469-069C-4A6A-BB27-86DF74278368}.Shipping|Win64.Build.0 = BuiltWithUnrealBuildTool|Win32
		{67C156BB-FC69-482E-A0E1-35228310B37D}.DebugGame Editor|Win32.ActiveCfg = DebugGame_Editor|Win32
		{67C156BB-FC69-482E-A0E1-35228310B37D}.DebugGame Editor|Win32.Build.0 = DebugGame_Editor|Win32
		{67C156BB-FC69-482E-A0E1-35228310B37D}.DebugGame Editor|Win64.ActiveCfg = DebugGame_Editor|x64
		{67C156BB-FC69-482E-A0E1-35228310B37D}.DebugGame Editor|Win64.Build.0 = DebugGame_Editor|x64
		{67C156BB-FC69-482E-A0E1-35228310B37D}.DebugGame|Win32.ActiveCfg = DebugGame_Game|Win32
		{67C156BB-FC69-482E-A0E1-35228310B37D}.DebugGame|Win32.Build.0 = DebugGame_Game|Win32
		{67C156BB-FC69-482E-A0E1-35228310B37D}.DebugGame|Win64.ActiveCfg = DebugGame_Game|x64
		{67C156BB-FC69-482E-A0E1-35228310B37D}.DebugGame|Win64.Build.0 = DebugGame_Game|x64
		{67C156BB-FC69-482E-A0E1-35228310B37D}.Development Editor|Win32.ActiveCfg = Development_Editor|Win32
		{67C156BB-FC69-482E-A0E1-35228310B37D}.Development Editor|Win32.Build.0 = Development_Editor|Win32
		{67C156BB-FC69-482E-A0E1-35228310B37D}.Development Editor|Win64.ActiveCfg = Development_Editor|x64
		{67C156BB-FC69-482E-A0E1-35228310B37D}.Development Editor|Win64.Build.0 = Development_Editor|x64
		{67C156BB-FC69-482E-A0E1-35228310B37D}.Development|Win32.ActiveCfg = Development_Game|Win32
		{67C156BB-FC69-482E-A0E1-35228310B37D}.Development|Win32.Build.0 = Development_Game|Win32
		{67C156BB-FC69-482E-A0E1-35228310B37D}.Development|Win64.ActiveCfg = Development_Game|x64
		{67C156BB-FC69-482E-A0E1-35228310B37D}.Development|Win64.Build.0 = Development_Game|x64
		{67C156BB-FC69-482E-A0E1-35228310B37D}.Shipping|Win32.ActiveCfg = Shipping_Game|Win32
		{67C156BB-FC69-482E-A0E1-35228310B37D}.Shipping|Win32.Build.0 = Shipping_Game|Win32
		{67C156BB-FC69-482E-A0E1-35228310B37D}.Shipping|Win64.ActiveCfg = Shipping_Game|x64
		{67C156BB-FC69-482E-A0E1-35228310B37D}.Shipping|Win64.Build.0 = Shipping_Game|x64
	EndGlobalSection
	GlobalSection(SolutionProperties) = preSolution
		HideSolutionNode = FALSE
	EndGlobalSection
	GlobalSection(NestedProjects) = preSolution
		{940B8469-069C-4A6A-BB27-86DF74278368} = {DEDBA3DB-89D8-42FF-9E33-14BCB2E3D1E9}
		{67C156BB-FC69-482E-A0E1-35228310B37D} = {9F95612C-63CB-4799-B825-D9E137B72B90}
	EndGlobalSection
EndGlobal
